
Microsoft Visual Studio Solution File, Format Version 12.00
# Visual Studio Version 17
VisualStudioVersion = 17.14.36408.4
MinimumVisualStudioVersion = 10.0.40219.1
Project("{2150E333-8FDC-42A3-9474-1A3956D46DE8}") = "Onion", "Onion", "{02EA681E-C7D8-13C7-8484-4AC65E1B71E8}"
EndProject
Project("{2150E333-8FDC-42A3-9474-1A3956D46DE8}") = "Core", "Core", "{CE1C5699-FF0E-4B0C-989C-57D02CF9EB9C}"
EndProject
Project("{2150E333-8FDC-42A3-9474-1A3956D46DE8}") = "Infrastructure", "Infrastructure", "{0A41A53B-F671-4A55-B493-5245A4A56DD2}"
EndProject
Project("{2150E333-8FDC-42A3-9474-1A3956D46DE8}") = "Presentation", "Presentation", "{9A498EC8-8787-4CAC-9AB3-6E33755677E6}"
EndProject
Project("{FAE04EC0-301F-11D3-BF4B-00C04F79EFBC}") = "GoallyticsApp.Application", "GoallyticsApp.Application\GoallyticsApp.Application.csproj", "{85A79E9F-49DB-48FD-96AA-4834E6F89F6F}"
EndProject
Project("{FAE04EC0-301F-11D3-BF4B-00C04F79EFBC}") = "GoallyticsApp.Domain", "GoallyticsApp.Domain\GoallyticsApp.Domain.csproj", "{B8BC0BD1-255B-4E55-AB2E-19A0F8A00E44}"
EndProject
Project("{FAE04EC0-301F-11D3-BF4B-00C04F79EFBC}") = "GoallyticsApp.Persistance", "GoallyticsApp.Persistance\GoallyticsApp.Persistance.csproj", "{9CFF16E4-6C3C-4795-BDC0-77F9C42B4482}"
EndProject
Project("{FAE04EC0-301F-11D3-BF4B-00C04F79EFBC}") = "GoallyticsApp.API", "GoallyticsApp.API\GoallyticsApp.API.csproj", "{199B4642-0508-4837-8946-8F62862AE793}"
EndProject
Project("{FAE04EC0-301F-11D3-BF4B-00C04F79EFBC}") = "GoallyticsApp.UI", "GoallyticsApp.UI\GoallyticsApp.UI.csproj", "{5BAB22D7-F5D1-4387-A0F2-9BF5AAEA18DA}"
EndProject
Project("{FAE04EC0-301F-11D3-BF4B-00C04F79EFBC}") = "ExternalAPI", "ExternalAPI\ExternalAPI.csproj", "{2524FB69-AEEE-4246-B5F6-35D5004AD85D}"
EndProject
Project("{FAE04EC0-301F-11D3-BF4B-00C04F79EFBC}") = "GoallyticsApp.Prediction", "GoallyticsApp.Prediction\GoallyticsApp.Prediction.csproj", "{B3C4745D-4EEE-44FC-A321-C667D10DC513}"
EndProject
Global
	GlobalSection(SolutionConfigurationPlatforms) = preSolution
		Debug|Any CPU = Debug|Any CPU
		Release|Any CPU = Release|Any CPU
	EndGlobalSection
	GlobalSection(ProjectConfigurationPlatforms) = postSolution
		{85A79E9F-49DB-48FD-96AA-4834E6F89F6F}.Debug|Any CPU.ActiveCfg = Debug|Any CPU
		{85A79E9F-49DB-48FD-96AA-4834E6F89F6F}.Debug|Any CPU.Build.0 = Debug|Any CPU
		{85A79E9F-49DB-48FD-96AA-4834E6F89F6F}.Release|Any CPU.ActiveCfg = Release|Any CPU
		{85A79E9F-49DB-48FD-96AA-4834E6F89F6F}.Release|Any CPU.Build.0 = Release|Any CPU
		{B8BC0BD1-255B-4E55-AB2E-19A0F8A00E44}.Debug|Any CPU.ActiveCfg = Debug|Any CPU
		{B8BC0BD1-255B-4E55-AB2E-19A0F8A00E44}.Debug|Any CPU.Build.0 = Debug|Any CPU
		{B8BC0BD1-255B-4E55-AB2E-19A0F8A00E44}.Release|Any CPU.ActiveCfg = Release|Any CPU
		{B8BC0BD1-255B-4E55-AB2E-19A0F8A00E44}.Release|Any CPU.Build.0 = Release|Any CPU
		{9CFF16E4-6C3C-4795-BDC0-77F9C42B4482}.Debug|Any CPU.ActiveCfg = Debug|Any CPU
		{9CFF16E4-6C3C-4795-BDC0-77F9C42B4482}.Debug|Any CPU.Build.0 = Debug|Any CPU
		{9CFF16E4-6C3C-4795-BDC0-77F9C42B4482}.Release|Any CPU.ActiveCfg = Release|Any CPU
		{9CFF16E4-6C3C-4795-BDC0-77F9C42B4482}.Release|Any CPU.Build.0 = Release|Any CPU
		{199B4642-0508-4837-8946-8F62862AE793}.Debug|Any CPU.ActiveCfg = Debug|Any CPU
		{199B4642-0508-4837-8946-8F62862AE793}.Debug|Any CPU.Build.0 = Debug|Any CPU
		{199B4642-0508-4837-8946-8F62862AE793}.Release|Any CPU.ActiveCfg = Release|Any CPU
		{199B4642-0508-4837-8946-8F62862AE793}.Release|Any CPU.Build.0 = Release|Any CPU
		{5BAB22D7-F5D1-4387-A0F2-9BF5AAEA18DA}.Debug|Any CPU.ActiveCfg = Debug|Any CPU
		{5BAB22D7-F5D1-4387-A0F2-9BF5AAEA18DA}.Debug|Any CPU.Build.0 = Debug|Any CPU
		{5BAB22D7-F5D1-4387-A0F2-9BF5AAEA18DA}.Release|Any CPU.ActiveCfg = Release|Any CPU
		{5BAB22D7-F5D1-4387-A0F2-9BF5AAEA18DA}.Release|Any CPU.Build.0 = Release|Any CPU
		{2524FB69-AEEE-4246-B5F6-35D5004AD85D}.Debug|Any CPU.ActiveCfg = Debug|Any CPU
		{2524FB69-AEEE-4246-B5F6-35D5004AD85D}.Debug|Any CPU.Build.0 = Debug|Any CPU
		{2524FB69-AEEE-4246-B5F6-35D5004AD85D}.Release|Any CPU.ActiveCfg = Release|Any CPU
		{2524FB69-AEEE-4246-B5F6-35D5004AD85D}.Release|Any CPU.Build.0 = Release|Any CPU
		{B3C4745D-4EEE-44FC-A321-C667D10DC513}.Debug|Any CPU.ActiveCfg = Debug|Any CPU
		{B3C4745D-4EEE-44FC-A321-C667D10DC513}.Debug|Any CPU.Build.0 = Debug|Any CPU
		{B3C4745D-4EEE-44FC-A321-C667D10DC513}.Release|Any CPU.ActiveCfg = Release|Any CPU
		{B3C4745D-4EEE-44FC-A321-C667D10DC513}.Release|Any CPU.Build.0 = Release|Any CPU
	EndGlobalSection
	GlobalSection(SolutionProperties) = preSolution
		HideSolutionNode = FALSE
	EndGlobalSection
	GlobalSection(NestedProjects) = preSolution
		{CE1C5699-FF0E-4B0C-989C-57D02CF9EB9C} = {02EA681E-C7D8-13C7-8484-4AC65E1B71E8}
		{0A41A53B-F671-4A55-B493-5245A4A56DD2} = {02EA681E-C7D8-13C7-8484-4AC65E1B71E8}
		{9A498EC8-8787-4CAC-9AB3-6E33755677E6} = {02EA681E-C7D8-13C7-8484-4AC65E1B71E8}
		{85A79E9F-49DB-48FD-96AA-4834E6F89F6F} = {CE1C5699-FF0E-4B0C-989C-57D02CF9EB9C}
		{B8BC0BD1-255B-4E55-AB2E-19A0F8A00E44} = {CE1C5699-FF0E-4B0C-989C-57D02CF9EB9C}
		{9CFF16E4-6C3C-4795-BDC0-77F9C42B4482} = {0A41A53B-F671-4A55-B493-5245A4A56DD2}
		{199B4642-0508-4837-8946-8F62862AE793} = {9A498EC8-8787-4CAC-9AB3-6E33755677E6}
		{5BAB22D7-F5D1-4387-A0F2-9BF5AAEA18DA} = {9A498EC8-8787-4CAC-9AB3-6E33755677E6}
		{2524FB69-AEEE-4246-B5F6-35D5004AD85D} = {0A41A53B-F671-4A55-B493-5245A4A56DD2}
		{B3C4745D-4EEE-44FC-A321-C667D10DC513} = {0A41A53B-F671-4A55-B493-5245A4A56DD2}
	EndGlobalSection
	GlobalSection(ExtensibilityGlobals) = postSolution
		SolutionGuid = {5A9DA628-1A07-48AC-860D-2064F8C4B1A8}
	EndGlobalSection
EndGlobal
